{
  "name": "libnmap",
  "version": "v0.4.12",
  "lockfileVersion": 1,
  "requires": true,
  "dependencies": {
    "async": {
      "version": "2.6.1",
      "resolved": "https://registry.npmjs.org/async/-/async-2.6.1.tgz",
      "integrity": "sha1-skWiPKcZMAROxT+kaqAKPofGphA=",
      "requires": {
        "lodash": "^4.17.10"
      },
      "dependencies": {
        "lodash": {
          "version": "4.17.10",
          "resolved": "https://registry.npmjs.org/lodash/-/lodash-4.17.10.tgz",
          "integrity": "sha1-G3eTz3JZ6jj7NmHU04syYK+K5Oc="
        }
      }
    },
    "balanced-match": {
      "version": "1.0.0",
      "resolved": "https://registry.npmjs.org/balanced-match/-/balanced-match-1.0.0.tgz",
      "integrity": "sha1-ibTRmasr7kneFk6gK4nORi1xt2c=",
      "dev": true
    },
    "brace-expansion": {
      "version": "1.1.11",
      "resolved": "https://registry.npmjs.org/brace-expansion/-/brace-expansion-1.1.11.tgz",
      "integrity": "sha512-iCuPHDFgrHX7H2vEI/5xpz07zSHB00TpugqhmYtVmMO6518mCuRMoOYFldEBl0g187ufozdaHgWKcYFb61qGiA==",
      "dev": true,
      "requires": {
        "balanced-match": "^1.0.0",
        "concat-map": "0.0.1"
      }
    },
    "browser-stdout": {
      "version": "1.3.1",
      "resolved": "https://registry.npmjs.org/browser-stdout/-/browser-stdout-1.3.1.tgz",
      "integrity": "sha512-qhAVI1+Av2X7qelOfAIYwXONood6XlZE/fXaBSmW/T5SzLAmCgzi+eiWE7fUvbHaeNBQH13UftjpXxsfLkMpgw==",
      "dev": true
    },
    "chai": {
      "version": "4.1.2",
      "resolved": "https://registry.npmjs.org/chai/-/chai-4.1.2.tgz",
      "integrity": "sha1-D2RYS6ZC8PKs4oBiefTwbKI61zw=",
      "dev": true,
      "requires": {
        "assertion-error": "^1.0.1",
        "check-error": "^1.0.1",
        "deep-eql": "^3.0.0",
        "get-func-name": "^2.0.0",
        "pathval": "^1.0.0",
        "type-detect": "^4.0.0"
      },
      "dependencies": {
        "assertion-error": {
          "version": "1.0.2",
          "resolved": "https://registry.npmjs.org/assertion-error/-/assertion-error-1.0.2.tgz",
          "integrity": "sha1-E8pRXYYgbaC6xm6DTdOX2HWBCUw=",
          "dev": true
        },
        "check-error": {
          "version": "1.0.2",
          "resolved": "https://registry.npmjs.org/check-error/-/check-error-1.0.2.tgz",
          "integrity": "sha1-V00xLt2Iu13YkS6Sht1sCu1KrII=",
          "dev": true
        },
        "deep-eql": {
          "version": "3.0.1",
          "resolved": "https://registry.npmjs.org/deep-eql/-/deep-eql-3.0.1.tgz",
          "integrity": "sha1-38lARACtHI/gI+faHfHBR8S0RN8=",
          "dev": true,
          "requires": {
            "type-detect": "^4.0.0"
          }
        },
        "get-func-name": {
          "version": "2.0.0",
          "resolved": "https://registry.npmjs.org/get-func-name/-/get-func-name-2.0.0.tgz",
          "integrity": "sha1-6td0q+5y4gQJQzoGY2YCPdaIekE=",
          "dev": true
        },
        "pathval": {
          "version": "1.1.0",
          "resolved": "https://registry.npmjs.org/pathval/-/pathval-1.1.0.tgz",
          "integrity": "sha1-uULm1L3mUwBe9rcTYd74cn0GReA=",
          "dev": true
        },
        "type-detect": {
          "version": "4.0.5",
          "resolved": "https://registry.npmjs.org/type-detect/-/type-detect-4.0.5.tgz",
          "integrity": "sha1-1w5byB223io4G8rKDG4MvcdjXeI=",
          "dev": true
        }
      }
    },
    "cidr-js": {
      "version": "2.3.1",
      "resolved": "https://registry.npmjs.org/cidr-js/-/cidr-js-2.3.1.tgz",
      "integrity": "sha1-NF6O19zogQ1A4T51VLfierpL4uA=",
      "requires": {
        "bluebird": "^2.9.21",
        "ip-subnet-calculator": "^1.0.2",
        "line-by-line": "^0.1.3",
        "phpjs": "^1.3.2"
      },
      "dependencies": {
        "bluebird": {
          "version": "2.11.0",
          "resolved": "https://registry.npmjs.org/bluebird/-/bluebird-2.11.0.tgz",
          "integrity": "sha1-U0uQM8AiyVecVro7Plpcqvu2UOE="
        },
        "glob": {
          "version": "3.2.1",
          "resolved": "",
          "requires": {
            "graceful-fs": "~1.2.0",
            "inherits": "1",
            "minimatch": "~0.2.11"
          }
        },
        "inherits": {
          "version": "1.0.2",
          "resolved": "https://registry.npmjs.org/inherits/-/inherits-1.0.2.tgz",
          "integrity": "sha1-ykMJ2t7mtUzAuNJH6NfHoJdb3Js="
        },
        "ip-subnet-calculator": {
          "version": "1.1.8",
          "resolved": "https://registry.npmjs.org/ip-subnet-calculator/-/ip-subnet-calculator-1.1.8.tgz",
          "integrity": "sha1-m8AuIz1aQ++uet60X2ppS4K5cP0="
        },
        "line-by-line": {
          "version": "0.1.5",
          "resolved": "https://registry.npmjs.org/line-by-line/-/line-by-line-0.1.5.tgz",
          "integrity": "sha1-GcRbWfCoBjLDC1xDpkf+Faq5BcI="
        },
        "minimatch": {
          "version": "0.2.14",
          "resolved": "https://registry.npmjs.org/minimatch/-/minimatch-0.2.14.tgz",
          "integrity": "sha1-x054BXT2PG+aCQ6Q775u9TpqdWo=",
          "requires": {
            "lru-cache": "2",
            "sigmund": "~1.0.0"
          }
        },
        "phpjs": {
          "version": "1.3.2",
          "resolved": "https://registry.npmjs.org/phpjs/-/phpjs-1.3.2.tgz",
          "integrity": "sha1-XHusVdHeCegFQgIlkxYb2YA0irs=",
          "requires": {
            "cli": "0.4.4-2",
            "deep-equal": "0.1.2",
            "glob": "3.2.1",
            "js-beautify": "1.4.2",
            "mocha": "1.17.0",
            "send": "0.1.0",
            "underscore": "1.5.2"
          },
          "dependencies": {
            "cli": {
              "version": "0.4.4-2",
              "resolved": "https://registry.npmjs.org/cli/-/cli-0.4.4-2.tgz",
              "integrity": "sha1-o4yPmR3yLuoBeewW3ZD6PzyF+ko=",
              "requires": {
                "glob": ">= 3.1.4"
              }
            },
            "deep-equal": {
              "version": "0.1.2",
              "resolved": "https://registry.npmjs.org/deep-equal/-/deep-equal-0.1.2.tgz",
              "integrity": "sha1-skbCuApXCkfBG+HZvRBw7IeLh84="
            },
            "glob": {
              "version": "3.2.1",
              "resolved": "https://registry.npmjs.org/glob/-/glob-3.2.1.tgz",
              "integrity": "sha1-V69w7HO6IyO/4/KaBndl22TF11g=",
              "requires": {
                "graceful-fs": "~1.2.0",
                "inherits": "1",
                "minimatch": "~0.2.11"
              }
            },
            "js-beautify": {
              "version": "1.4.2",
              "resolved": "https://registry.npmjs.org/js-beautify/-/js-beautify-1.4.2.tgz",
              "integrity": "sha1-iILfRQqejs910ifxzOtajslolrc=",
              "requires": {
                "config-chain": "~1.1.5",
                "mkdirp": "0.3.5",
                "nopt": "~2.1.1"
              },
              "dependencies": {
                "config-chain": {
                  "version": "1.1.11",
                  "resolved": "https://registry.npmjs.org/config-chain/-/config-chain-1.1.11.tgz",
                  "integrity": "sha1-q6CXR9++TD5w52am5BWG4YWfxvI=",
                  "requires": {
                    "ini": "^1.3.4",
                    "proto-list": "~1.2.1"
                  },
                  "dependencies": {
                    "ini": {
                      "version": "1.3.5",
                      "resolved": "https://registry.npmjs.org/ini/-/ini-1.3.5.tgz",
                      "integrity": "sha1-7uJfVtscnsYIXgwid4CD9Zar+Sc="
                    },
                    "proto-list": {
                      "version": "1.2.4",
                      "resolved": "https://registry.npmjs.org/proto-list/-/proto-list-1.2.4.tgz",
                      "integrity": "sha1-IS1b/hMYMGpCD2QCuOJv85ZHqEk="
                    }
                  }
                },
                "mkdirp": {
                  "version": "0.3.5",
                  "resolved": "https://registry.npmjs.org/mkdirp/-/mkdirp-0.3.5.tgz",
                  "integrity": "sha1-3j5fiWHIjHh+4TaN+EmsRBPsqNc="
                },
                "nopt": {
                  "version": "2.1.2",
                  "resolved": "https://registry.npmjs.org/nopt/-/nopt-2.1.2.tgz",
                  "integrity": "sha1-bMzZd7gBMqB3MdbozljCyDA8+a8=",
                  "requires": {
                    "abbrev": "1"
                  },
                  "dependencies": {
                    "abbrev": {
                      "version": "1.1.1",
                      "resolved": "https://registry.npmjs.org/abbrev/-/abbrev-1.1.1.tgz",
                      "integrity": "sha1-+PLIh60Qv2f2NPAFtph/7TF5qsg="
                    }
                  }
                }
              }
            },
            "mocha": {
              "version": "1.17.0",
              "resolved": "https://registry.npmjs.org/mocha/-/mocha-1.17.0.tgz",
              "integrity": "sha1-WD0SqfIXdbbTfRBKx9sF1Vf6XVA=",
              "requires": {
                "commander": "2.0.0",
                "debug": "*",
                "diff": "1.0.7",
                "glob": "3.2.3",
                "growl": "1.7.x",
                "jade": "0.26.3",
                "mkdirp": "0.3.5"
              },
              "dependencies": {
                "commander": {
                  "version": "2.0.0",
                  "resolved": "https://registry.npmjs.org/commander/-/commander-2.0.0.tgz",
                  "integrity": "sha1-0bhvkB+LZL2UG96tr5JFMDk76Sg="
                },
                "debug": {
                  "version": "3.1.0",
                  "resolved": "https://registry.npmjs.org/debug/-/debug-3.1.0.tgz",
                  "integrity": "sha1-W7WgZyYotkFJVmuhaBnmFRjGcmE=",
                  "requires": {
                    "ms": "2.0.0"
                  },
                  "dependencies": {
                    "ms": {
                      "version": "2.0.0",
                      "resolved": "https://registry.npmjs.org/ms/-/ms-2.0.0.tgz",
                      "integrity": "sha1-VgiurfwAvmwpAd9fmGF4jeDVl8g="
                    }
                  }
                },
                "diff": {
                  "version": "1.0.7",
                  "resolved": "https://registry.npmjs.org/diff/-/diff-1.0.7.tgz",
                  "integrity": "sha1-JLuwAcSn1VIhaefKvbLCgU7ZHPQ="
                },
                "glob": {
                  "version": "3.2.3",
                  "resolved": "https://registry.npmjs.org/glob/-/glob-3.2.3.tgz",
                  "integrity": "sha1-4xPusknHr/qlxHUoaw4RW1mDlGc=",
                  "requires": {
                    "graceful-fs": "~2.0.0",
                    "inherits": "2",
                    "minimatch": "~0.2.11"
                  },
                  "dependencies": {
                    "graceful-fs": {
                      "version": "2.0.3",
                      "resolved": "https://registry.npmjs.org/graceful-fs/-/graceful-fs-2.0.3.tgz",
                      "integrity": "sha1-fNLNsiiko/Nule+mzBQt59GhNtA="
                    },
                    "inherits": {
                      "version": "2.0.3",
                      "resolved": "https://registry.npmjs.org/inherits/-/inherits-2.0.3.tgz",
                      "integrity": "sha1-Yzwsg+PaQqUC9SRmAiSA9CCCYd4="
                    },
                    "minimatch": {
                      "version": "0.2.14",
                      "resolved": "https://registry.npmjs.org/minimatch/-/minimatch-0.2.14.tgz",
                      "integrity": "sha1-x054BXT2PG+aCQ6Q775u9TpqdWo=",
                      "requires": {
                        "lru-cache": "2",
                        "sigmund": "~1.0.0"
                      },
                      "dependencies": {
                        "lru-cache": {
                          "version": "2.7.3",
                          "resolved": "https://registry.npmjs.org/lru-cache/-/lru-cache-2.7.3.tgz",
                          "integrity": "sha1-bUUk6LlV+V1PW1iFHOId1y+06VI="
                        },
                        "sigmund": {
                          "version": "1.0.1",
                          "resolved": "https://registry.npmjs.org/sigmund/-/sigmund-1.0.1.tgz",
                          "integrity": "sha1-P/IfGYytIXX587eBhT/ZTQ0ZtZA="
                        }
                      }
                    }
                  }
                },
                "growl": {
                  "version": "1.7.0",
                  "resolved": "https://registry.npmjs.org/growl/-/growl-1.7.0.tgz",
                  "integrity": "sha1-3i1mE20ALhErpw8/EMMc98NQsto="
                },
                "jade": {
                  "version": "0.26.3",
                  "resolved": "https://registry.npmjs.org/jade/-/jade-0.26.3.tgz",
                  "integrity": "sha1-jxDXl32NefL2/4YqgbBRPMslaGw=",
                  "requires": {
                    "commander": "0.6.1",
                    "mkdirp": "0.3.0"
                  },
                  "dependencies": {
                    "commander": {
                      "version": "0.6.1",
                      "resolved": "https://registry.npmjs.org/commander/-/commander-0.6.1.tgz",
                      "integrity": "sha1-+mihT2qUXVTbvlDYzbMyDp47GgY="
                    },
                    "mkdirp": {
                      "version": "0.3.0",
                      "resolved": "https://registry.npmjs.org/mkdirp/-/mkdirp-0.3.0.tgz",
                      "integrity": "sha1-G79asbqCevI1dRQ0kEJkVfSB/h4="
                    }
                  }
                },
                "mkdirp": {
                  "version": "0.3.5",
                  "resolved": "https://registry.npmjs.org/mkdirp/-/mkdirp-0.3.5.tgz",
                  "integrity": "sha1-3j5fiWHIjHh+4TaN+EmsRBPsqNc="
                }
              }
            },
            "send": {
              "version": "0.1.0",
              "resolved": "https://registry.npmjs.org/send/-/send-0.1.0.tgz",
              "integrity": "sha1-z7COvTzsm3/Bo32f+eh1qXHPRkA=",
              "requires": {
                "debug": "*",
                "fresh": "0.1.0",
                "mime": "1.2.6",
                "range-parser": "0.0.4"
              },
              "dependencies": {
                "debug": {
                  "version": "3.1.0",
                  "resolved": "https://registry.npmjs.org/debug/-/debug-3.1.0.tgz",
                  "integrity": "sha1-W7WgZyYotkFJVmuhaBnmFRjGcmE=",
                  "requires": {
                    "ms": "2.0.0"
                  },
                  "dependencies": {
                    "ms": {
                      "version": "2.0.0",
                      "resolved": "https://registry.npmjs.org/ms/-/ms-2.0.0.tgz",
                      "integrity": "sha1-VgiurfwAvmwpAd9fmGF4jeDVl8g="
                    }
                  }
                },
                "fresh": {
                  "version": "0.1.0",
                  "resolved": "https://registry.npmjs.org/fresh/-/fresh-0.1.0.tgz",
                  "integrity": "sha1-A+SwF4Qk5MLV0ZpU2IFM3JeTSFA="
                },
                "mime": {
                  "version": "1.2.6",
                  "resolved": "https://registry.npmjs.org/mime/-/mime-1.2.6.tgz",
                  "integrity": "sha1-sfhsdowCX6h7SAdfFwnyiuryA2U="
                },
                "range-parser": {
                  "version": "0.0.4",
                  "resolved": "https://registry.npmjs.org/range-parser/-/range-parser-0.0.4.tgz",
                  "integrity": "sha1-wEJ//vUcEKy6B4KkbJYC50T/Ygs="
                }
              }
            },
            "underscore": {
              "version": "1.5.2",
              "resolved": "https://registry.npmjs.org/underscore/-/underscore-1.5.2.tgz",
              "integrity": "sha1-EzXF5PXm0zu7SwBrqMhqAPVW3gg="
            }
          }
        }
      }
    },
    "commander": {
      "version": "2.15.1",
      "resolved": "https://registry.npmjs.org/commander/-/commander-2.15.1.tgz",
      "integrity": "sha512-VlfT9F3V0v+jr4yxPc5gg9s62/fIVWsd2Bk2iD435um1NlGMYdVCq+MjcXnhYq2icNOizHr1kK+5TI6H0Hy0ag==",
      "dev": true
    },
    "concat-map": {
      "version": "0.0.1",
      "resolved": "https://registry.npmjs.org/concat-map/-/concat-map-0.0.1.tgz",
      "integrity": "sha1-2Klr13/Wjfd5OnMDajug1UBdR3s=",
      "dev": true
    },
    "debug": {
      "version": "3.1.0",
      "resolved": "https://registry.npmjs.org/debug/-/debug-3.1.0.tgz",
      "integrity": "sha512-OX8XqP7/1a9cqkxYw2yXss15f26NKWBpDXQd0/uK/KPqdQhxbPa994hnzjcE2VqQpDslf55723cKPUOGSmMY3g==",
      "dev": true,
      "requires": {
        "ms": "2.0.0"
      }
    },
    "deepmerge": {
      "version": "2.1.1",
      "resolved": "https://registry.npmjs.org/deepmerge/-/deepmerge-2.1.1.tgz",
      "integrity": "sha1-6GK05F6gVVByv1Hn/Q2YRRcK52g="
    },
    "diff": {
      "version": "3.5.0",
      "resolved": "https://registry.npmjs.org/diff/-/diff-3.5.0.tgz",
      "integrity": "sha512-A46qtFgd+g7pDZinpnwiRJtxbC1hpgf0uzP3iG89scHk0AUC7A1TGxf5OiiOUv/JMZR8GOt8hL900hV0bOy5xA==",
      "dev": true
    },
    "escape-string-regexp": {
      "version": "1.0.5",
      "resolved": "https://registry.npmjs.org/escape-string-regexp/-/escape-string-regexp-1.0.5.tgz",
      "integrity": "sha1-G2HAViGQqN/2rjuyzwIAyhMLhtQ=",
      "dev": true
    },
    "fs.realpath": {
      "version": "1.0.0",
      "resolved": "https://registry.npmjs.org/fs.realpath/-/fs.realpath-1.0.0.tgz",
      "integrity": "sha1-FQStJSMVjKpA20onh8sBQRmU6k8=",
      "dev": true
    },
    "glob": {
      "version": "7.1.2",
      "resolved": "https://registry.npmjs.org/glob/-/glob-7.1.2.tgz",
      "integrity": "sha512-MJTUg1kjuLeQCJ+ccE4Vpa6kKVXkPYJ2mOCQyUuKLcLQsdrMCpBPUi8qVE6+YuaJkozeA9NusTAw3hLr8Xe5EQ==",
      "dev": true,
      "requires": {
        "fs.realpath": "^1.0.0",
        "inflight": "^1.0.4",
        "inherits": "2",
        "minimatch": "^3.0.4",
        "once": "^1.3.0",
        "path-is-absolute": "^1.0.0"
      }
    },
    "graceful-fs": {
      "version": "1.2.3",
      "resolved": "https://registry.npmjs.org/graceful-fs/-/graceful-fs-1.2.3.tgz",
      "integrity": "sha1-FaSAaldUfLLS2/J/QuiajDRRs2Q="
    },
    "growl": {
      "version": "1.10.5",
      "resolved": "https://registry.npmjs.org/growl/-/growl-1.10.5.tgz",
      "integrity": "sha512-qBr4OuELkhPenW6goKVXiv47US3clb3/IbuWF9KNKEijAy9oeHxU9IgzjvJhHkUzhaj7rOUD7+YGWqUjLp5oSA==",
      "dev": true
    },
    "has-flag": {
      "version": "3.0.0",
      "resolved": "https://registry.npmjs.org/has-flag/-/has-flag-3.0.0.tgz",
      "integrity": "sha1-tdRU3CGZriJWmfNGfloH87lVuv0=",
      "dev": true
    },
    "hasbin": {
      "version": "1.2.3",
      "resolved": "https://registry.npmjs.org/hasbin/-/hasbin-1.2.3.tgz",
      "integrity": "sha1-eMWSaJPIAhXCtWiuH9P8q3omlrA=",
      "requires": {
        "async": "~1.5"
      },
      "dependencies": {
        "async": {
          "version": "1.5.2",
          "resolved": "https://registry.npmjs.org/async/-/async-1.5.2.tgz",
          "integrity": "sha1-7GphrlZIDAw8skHJVhjiCJL5Zyo="
        }
      }
    },
    "he": {
      "version": "1.1.1",
      "resolved": "https://registry.npmjs.org/he/-/he-1.1.1.tgz",
      "integrity": "sha1-k0EP0hsAlzUVH4howvJx80J+I/0=",
      "dev": true
    },
    "inflight": {
      "version": "1.0.6",
      "resolved": "https://registry.npmjs.org/inflight/-/inflight-1.0.6.tgz",
      "integrity": "sha1-Sb1jMdfQLQwJvJEKEHW6gWW1bfk=",
      "dev": true,
      "requires": {
        "once": "^1.3.0",
        "wrappy": "1"
      }
    },
    "inherits": {
      "version": "2.0.3",
      "resolved": "https://registry.npmjs.org/inherits/-/inherits-2.0.3.tgz",
      "integrity": "sha1-Yzwsg+PaQqUC9SRmAiSA9CCCYd4=",
      "dev": true
    },
    "ip-address": {
      "version": "5.8.9",
      "resolved": "https://registry.npmjs.org/ip-address/-/ip-address-5.8.9.tgz",
      "integrity": "sha1-Y3knfCP8WtsgUR5NI+wsG94QXf0=",
      "requires": {
        "jsbn": "1.1.0",
        "lodash.find": "^4.6.0",
        "lodash.max": "^4.0.1",
        "lodash.merge": "^4.6.0",
        "lodash.padstart": "^4.6.1",
        "lodash.repeat": "^4.1.0",
        "sprintf-js": "1.1.0"
      },
      "dependencies": {
        "jsbn": {
          "version": "1.1.0",
          "resolved": "https://registry.npmjs.org/jsbn/-/jsbn-1.1.0.tgz",
          "integrity": "sha1-sBMHyym2GKHtJux56RH4A8TaAEA="
        },
        "lodash.find": {
          "version": "4.6.0",
          "resolved": "https://registry.npmjs.org/lodash.find/-/lodash.find-4.6.0.tgz",
          "integrity": "sha1-ywcE1Hq3F4n/oN6Ll92Sb7iLE7E="
        },
        "lodash.max": {
          "version": "4.0.1",
          "resolved": "https://registry.npmjs.org/lodash.max/-/lodash.max-4.0.1.tgz",
          "integrity": "sha1-hzVWbGGLNan3YFILSHrnllivE2o="
        },
        "lodash.merge": {
          "version": "4.6.0",
          "resolved": "https://registry.npmjs.org/lodash.merge/-/lodash.merge-4.6.0.tgz",
          "integrity": "sha1-aYhLoUSsM/5plzemCG3v+t0PicU="
        },
        "lodash.padstart": {
          "version": "4.6.1",
          "resolved": "https://registry.npmjs.org/lodash.padstart/-/lodash.padstart-4.6.1.tgz",
          "integrity": "sha1-0uPuv/DZ05rVD1y9G1KnvOa7YRs="
        },
        "lodash.repeat": {
          "version": "4.1.0",
          "resolved": "https://registry.npmjs.org/lodash.repeat/-/lodash.repeat-4.1.0.tgz",
          "integrity": "sha1-/H3oEx2MisB+S0n3T/6CnR8r7EQ="
        },
        "sprintf-js": {
          "version": "1.1.0",
          "resolved": "https://registry.npmjs.org/sprintf-js/-/sprintf-js-1.1.0.tgz",
          "integrity": "sha1-z/yvcC2vZeo5u04PorKZzsGhvkY="
        }
      }
    },
    "lru-cache": {
      "version": "2.7.3",
      "resolved": "https://registry.npmjs.org/lru-cache/-/lru-cache-2.7.3.tgz",
      "integrity": "sha1-bUUk6LlV+V1PW1iFHOId1y+06VI="
    },
    "minimatch": {
      "version": "3.0.4",
      "resolved": "https://registry.npmjs.org/minimatch/-/minimatch-3.0.4.tgz",
      "integrity": "sha512-yJHVQEhyqPLUTgt9B83PXu6W3rx4MvvHvSUvToogpwoGDOUQ+yDrR0HRot+yOCdCO7u4hX3pWft6kWBBcqh0UA==",
      "dev": true,
      "requires": {
        "brace-expansion": "^1.1.7"
      }
    },
    "minimist": {
      "version": "0.0.8",
      "resolved": "https://registry.npmjs.org/minimist/-/minimist-0.0.8.tgz",
      "integrity": "sha1-hX/Kv8M5fSYluCKCYuhqp6ARsF0=",
      "dev": true
    },
    "mkdirp": {
      "version": "0.5.1",
      "resolved": "https://registry.npmjs.org/mkdirp/-/mkdirp-0.5.1.tgz",
      "integrity": "sha1-MAV0OOrGz3+MR2fzhkjWaX11yQM=",
      "dev": true,
      "requires": {
        "minimist": "0.0.8"
      }
    },
    "mocha": {
      "version": "5.2.0",
      "resolved": "https://registry.npmjs.org/mocha/-/mocha-5.2.0.tgz",
      "integrity": "sha512-2IUgKDhc3J7Uug+FxMXuqIyYzH7gJjXECKe/w43IGgQHTSj3InJi+yAA7T24L9bQMRKiUEHxEX37G5JpVUGLcQ==",
      "dev": true,
      "requires": {
        "browser-stdout": "1.3.1",
        "commander": "2.15.1",
        "debug": "3.1.0",
        "diff": "3.5.0",
        "escape-string-regexp": "1.0.5",
        "glob": "7.1.2",
        "growl": "1.10.5",
        "he": "1.1.1",
        "minimatch": "3.0.4",
        "mkdirp": "0.5.1",
        "supports-color": "5.4.0"
      }
    },
    "ms": {
      "version": "2.0.0",
      "resolved": "https://registry.npmjs.org/ms/-/ms-2.0.0.tgz",
      "integrity": "sha1-VgiurfwAvmwpAd9fmGF4jeDVl8g=",
      "dev": true
    },
    "netmask": {
      "version": "1.0.6",
      "resolved": "https://registry.npmjs.org/netmask/-/netmask-1.0.6.tgz",
      "integrity": "sha1-ICl+idhvb2QA8lDZ9Pa0wZRfzTU="
    },
    "once": {
      "version": "1.4.0",
      "resolved": "https://registry.npmjs.org/once/-/once-1.4.0.tgz",
      "integrity": "sha1-WDsap3WWHUsROsF9nFC6753Xa9E=",
      "dev": true,
      "requires": {
        "wrappy": "1"
      }
    },
    "path-is-absolute": {
      "version": "1.0.1",
      "resolved": "https://registry.npmjs.org/path-is-absolute/-/path-is-absolute-1.0.1.tgz",
      "integrity": "sha1-F0uSaHNVNP+8es5r9TpanhtcX18=",
      "dev": true
    },
    "sigmund": {
      "version": "1.0.1",
      "resolved": "https://registry.npmjs.org/sigmund/-/sigmund-1.0.1.tgz",
      "integrity": "sha1-P/IfGYytIXX587eBhT/ZTQ0ZtZA="
    },
    "stack-trace": {
      "version": "0.0.10",
      "resolved": "https://registry.npmjs.org/stack-trace/-/stack-trace-0.0.10.tgz",
      "integrity": "sha1-VHxws0fo0ytOEI6hoqFZ5f3eGcA="
    },
    "supports-color": {
      "version": "5.4.0",
      "resolved": "https://registry.npmjs.org/supports-color/-/supports-color-5.4.0.tgz",
      "integrity": "sha512-zjaXglF5nnWpsq470jSv6P9DwPvgLkuapYmfDm3JWOm0vkNTVF2tI4UrN2r6jH1qM/uc/WtxYY1hYoA2dOKj5w==",
      "dev": true,
      "requires": {
        "has-flag": "^3.0.0"
      }
    },
    "wrappy": {
      "version": "1.0.2",
      "resolved": "https://registry.npmjs.org/wrappy/-/wrappy-1.0.2.tgz",
      "integrity": "sha1-tSQ9jz7BqjXxNkYFvA0QNuMKtp8=",
      "dev": true
    },
    "xml2js": {
      "version": "0.4.19",
      "resolved": "https://registry.npmjs.org/xml2js/-/xml2js-0.4.19.tgz",
      "integrity": "sha1-aGwg8hMgnpSr8NG88e+qKRx4J6c=",
      "requires": {
        "sax": ">=0.6.0",
        "xmlbuilder": "~9.0.1"
      },
      "dependencies": {
        "sax": {
          "version": "1.2.4",
          "resolved": "https://registry.npmjs.org/sax/-/sax-1.2.4.tgz",
          "integrity": "sha1-KBYjTiN4vdxOU1T6tcqold9xANk="
        },
        "xmlbuilder": {
          "version": "9.0.4",
          "resolved": "https://registry.npmjs.org/xmlbuilder/-/xmlbuilder-9.0.4.tgz",
          "integrity": "sha1-UZy0ymhtAFqEINNJbz8MruzKWA8="
        }
      }
    }
  }
}
